
Microsoft Visual Studio Solution File, Format Version 12.00
# Visual Studio Version 17
VisualStudioVersion = 17.5.33516.290
MinimumVisualStudioVersion = 10.0.40219.1
Project("{9A19103F-16F7-4668-BE54-9A1E7A4F7556}") = "API", "Skinet\API.csproj", "{7316FB54-62E0-4902-A603-CA54D0EB1846}"
EndProject
Project("{FAE04EC0-301F-11D3-BF4B-00C04F79EFBC}") = "Core", "Core\Core.csproj", "{103961F7-E3A5-4C80-9613-2EB05F9EB9B4}"
EndProject
Project("{FAE04EC0-301F-11D3-BF4B-00C04F79EFBC}") = "Infrastructure", "Infrastructure\Infrastructure.csproj", "{1E1ED3F0-2D7B-4D11-AC7A-A7CE91465B59}"
EndProject
Global
	GlobalSection(SolutionConfigurationPlatforms) = preSolution
		Debug|Any CPU = Debug|Any CPU
		Release|Any CPU = Release|Any CPU
	EndGlobalSection
	GlobalSection(ProjectConfigurationPlatforms) = postSolution
		{7316FB54-62E0-4902-A603-CA54D0EB1846}.Debug|Any CPU.ActiveCfg = Debug|Any CPU
		{7316FB54-62E0-4902-A603-CA54D0EB1846}.Debug|Any CPU.Build.0 = Debug|Any CPU
		{7316FB54-62E0-4902-A603-CA54D0EB1846}.Release|Any CPU.ActiveCfg = Release|Any CPU
		{7316FB54-62E0-4902-A603-CA54D0EB1846}.Release|Any CPU.Build.0 = Release|Any CPU
		{103961F7-E3A5-4C80-9613-2EB05F9EB9B4}.Debug|Any CPU.ActiveCfg = Debug|Any CPU
		{103961F7-E3A5-4C80-9613-2EB05F9EB9B4}.Debug|Any CPU.Build.0 = Debug|Any CPU
		{103961F7-E3A5-4C80-9613-2EB05F9EB9B4}.Release|Any CPU.ActiveCfg = Release|Any CPU
		{103961F7-E3A5-4C80-9613-2EB05F9EB9B4}.Release|Any CPU.Build.0 = Release|Any CPU
		{1E1ED3F0-2D7B-4D11-AC7A-A7CE91465B59}.Debug|Any CPU.ActiveCfg = Debug|Any CPU
		{1E1ED3F0-2D7B-4D11-AC7A-A7CE91465B59}.Debug|Any CPU.Build.0 = Debug|Any CPU
		{1E1ED3F0-2D7B-4D11-AC7A-A7CE91465B59}.Release|Any CPU.ActiveCfg = Release|Any CPU
		{1E1ED3F0-2D7B-4D11-AC7A-A7CE91465B59}.Release|Any CPU.Build.0 = Release|Any CPU
	EndGlobalSection
	GlobalSection(SolutionProperties) = preSolution
		HideSolutionNode = FALSE
	EndGlobalSection
	GlobalSection(ExtensibilityGlobals) = postSolution
		SolutionGuid = {119FEB6B-CF31-499E-8DB9-580D16E04AE1}
	EndGlobalSection
EndGlobal
